# generated by rye
# use `rye lock` or `rye sync` to update this lockfile
#
# last locked with the following flags:
#   pre: false
#   features: ["discord"]
#   all-features: false
#   with-sources: false
#   generate-hashes: false
#   universal: false

-e file:.
aiofiles==24.1.0
    # via eve
aiohappyeyeballs==2.4.3
    # via aiohttp
aiohttp==3.11.3
    # via instructor
    # via modal
    # via py-cord
aiosignal==1.3.1
    # via aiohttp
aiostream==0.5.2
    # via modal
annotated-types==0.7.0
    # via pydantic
anthropic==0.39.0
    # via eve
anyio==4.6.2.post1
    # via anthropic
    # via httpx
    # via openai
    # via runwayml
    # via starlette
    # via watchfiles
attrs==24.2.0
    # via aiohttp
    # via sigtools
boto3==1.35.64
    # via eve
botocore==1.35.64
    # via boto3
    # via s3transfer
bson==0.5.10
    # via eve
cachetools==5.5.0
    # via google-auth
certifi==2024.8.30
    # via httpcore
    # via httpx
    # via modal
    # via requests
    # via sentry-sdk
cffi==1.17.1
    # via cryptography
charset-normalizer==3.4.0
    # via requests
clerk-backend-api==1.3.1
    # via eve
click==8.1.7
    # via eve
    # via modal
    # via typer
cryptography==43.0.3
    # via clerk-backend-api
decorator==4.4.2
    # via moviepy
distro==1.9.0
    # via anthropic
    # via openai
    # via runwayml
dnspython==2.7.0
    # via pymongo
docstring-parser==0.16
    # via google-cloud-aiplatform
    # via instructor
elevenlabs==1.12.1
    # via eve
eval-type-backport==0.2.0
    # via clerk-backend-api
fastapi==0.115.5
    # via eve
    # via modal
frozenlist==1.5.0
    # via aiohttp
    # via aiosignal
gitdb==4.0.11
    # via gitpython
gitpython==3.1.43
    # via eve
google-api-core==2.23.0
    # via google-cloud-aiplatform
    # via google-cloud-bigquery
    # via google-cloud-core
    # via google-cloud-resource-manager
    # via google-cloud-storage
google-auth==2.36.0
    # via google-api-core
    # via google-cloud-aiplatform
    # via google-cloud-bigquery
    # via google-cloud-core
    # via google-cloud-resource-manager
    # via google-cloud-storage
google-cloud-aiplatform==1.72.0
    # via eve
google-cloud-bigquery==3.27.0
    # via google-cloud-aiplatform
google-cloud-core==2.4.1
    # via google-cloud-bigquery
    # via google-cloud-storage
google-cloud-resource-manager==1.13.1
    # via google-cloud-aiplatform
google-cloud-storage==2.18.2
    # via google-cloud-aiplatform
google-crc32c==1.6.0
    # via google-cloud-storage
    # via google-resumable-media
google-resumable-media==2.7.2
    # via google-cloud-bigquery
    # via google-cloud-storage
googleapis-common-protos==1.66.0
    # via google-api-core
    # via grpc-google-iam-v1
    # via grpcio-status
grpc-google-iam-v1==0.13.1
    # via google-cloud-resource-manager
grpcio==1.68.0
    # via google-api-core
    # via googleapis-common-protos
    # via grpc-google-iam-v1
    # via grpcio-status
grpcio-status==1.68.0
    # via google-api-core
grpclib==0.4.7
    # via modal
h11==0.14.0
    # via httpcore
h2==4.1.0
    # via grpclib
hpack==4.0.0
    # via h2
httpcore==1.0.7
    # via httpx
httpx==0.27.2
    # via anthropic
    # via clerk-backend-api
    # via elevenlabs
    # via eve
    # via openai
    # via replicate
    # via runwayml
hyperframe==6.0.1
    # via h2
idna==3.10
    # via anyio
    # via httpx
    # via requests
    # via yarl
imageio==2.36.0
    # via moviepy
imageio-ffmpeg==0.5.1
    # via moviepy
instructor==1.6.4
    # via eve
jinja2==3.1.4
    # via instructor
jiter==0.6.1
    # via anthropic
    # via instructor
    # via openai
jmespath==1.0.1
    # via boto3
    # via botocore
jsonpath-python==1.0.6
    # via clerk-backend-api
jsonref==1.1.0
    # via eve
markdown-it-py==3.0.0
    # via rich
markupsafe==3.0.2
    # via jinja2
mdurl==0.1.2
    # via markdown-it-py
modal==0.66.11
    # via eve
moviepy==1.0.3
    # via eve
multidict==6.1.0
    # via aiohttp
    # via grpclib
    # via yarl
mypy-extensions==1.0.0
    # via typing-inspect
numpy==2.1.3
    # via eve
    # via imageio
    # via moviepy
    # via shapely
openai==1.54.4
    # via eve
    # via instructor
packaging==24.2
    # via google-cloud-aiplatform
    # via google-cloud-bigquery
    # via replicate
pillow==11.0.0
    # via eve
    # via imageio
proglog==0.1.10
    # via moviepy
propcache==0.2.0
    # via aiohttp
    # via yarl
proto-plus==1.25.0
    # via google-api-core
    # via google-cloud-aiplatform
    # via google-cloud-resource-manager
protobuf==5.28.3
    # via google-api-core
    # via google-cloud-aiplatform
    # via google-cloud-resource-manager
    # via googleapis-common-protos
    # via grpc-google-iam-v1
    # via grpcio-status
    # via modal
    # via proto-plus
py-cord==2.6.1
    # via eve
pyasn1==0.6.1
    # via pyasn1-modules
    # via rsa
pyasn1-modules==0.4.1
    # via google-auth
pycparser==2.22
    # via cffi
pydantic==2.9.2
    # via anthropic
    # via clerk-backend-api
    # via elevenlabs
    # via eve
    # via fastapi
    # via google-cloud-aiplatform
    # via instructor
    # via openai
    # via replicate
    # via runwayml
pydantic-core==2.23.4
    # via elevenlabs
    # via instructor
    # via pydantic
pydub==0.25.1
    # via eve
pygments==2.18.0
    # via rich
pyjwt==2.10.0
    # via clerk-backend-api
    # via eve
pymongo==4.6.1
    # via eve
python-dateutil==2.8.2
    # via botocore
    # via bson
    # via clerk-backend-api
    # via google-cloud-bigquery
python-dotenv==1.0.1
    # via eve
python-magic==0.4.27
    # via eve
pyyaml==6.0.2
    # via eve
replicate==0.22.0
    # via eve
requests==2.32.3
    # via elevenlabs
    # via eve
    # via google-api-core
    # via google-cloud-bigquery
    # via google-cloud-storage
    # via instructor
    # via moviepy
rich==13.9.4
    # via instructor
    # via modal
    # via typer
rsa==4.9
    # via google-auth
runwayml==2.1.0
    # via eve
s3transfer==0.10.3
    # via boto3
sentry-sdk==2.18.0
    # via eve
setuptools==75.5.0
    # via imageio-ffmpeg
shapely==2.0.6
    # via google-cloud-aiplatform
shellingham==1.5.4
    # via typer
sigtools==4.0.1
    # via synchronicity
six==1.16.0
    # via bson
    # via python-dateutil
smmap==5.0.1
    # via gitdb
sniffio==1.3.1
    # via anthropic
    # via anyio
    # via httpx
    # via openai
    # via runwayml
starlette==0.41.3
    # via eve
    # via fastapi
synchronicity==0.9.3
    # via modal
tenacity==9.0.0
    # via eve
    # via instructor
toml==0.10.2
    # via modal
tqdm==4.67.0
    # via eve
    # via moviepy
    # via openai
    # via proglog
typer==0.13.1
    # via instructor
    # via modal
types-certifi==2021.10.8.3
    # via modal
types-toml==0.10.8.20240310
    # via modal
typing-extensions==4.12.2
    # via aiostream
    # via anthropic
    # via elevenlabs
    # via fastapi
    # via modal
    # via openai
    # via pydantic
    # via pydantic-core
    # via replicate
    # via runwayml
    # via synchronicity
    # via typer
    # via typing-inspect
typing-inspect==0.9.0
    # via clerk-backend-api
urllib3==2.2.3
    # via botocore
    # via requests
    # via sentry-sdk
watchfiles==0.24.0
    # via modal
websockets==14.1
    # via elevenlabs
    # via eve
yarl==1.17.2
    # via aiohttp
